{
  "requires": true,
  "lockfileVersion": 1,
  "dependencies": {
    "axios-retry": {
      "version": "3.1.1",
      "resolved": "https://registry.npmjs.org/axios-retry/-/axios-retry-3.1.1.tgz",
      "integrity": "sha512-BeNOxa/CBQQLa9gVuMta1oWIhbL6UETKBfAmFjOXwiBxgcmrDBVVwz/gKZTpzKJlVjmi5DeYC+lP5Ng7ssc1pg==",
      "requires": {
        "is-retry-allowed": "1.1.0"
      }
    },
    "is-retry-allowed": {
      "version": "1.1.0",
      "resolved": "https://registry.npmjs.org/is-retry-allowed/-/is-retry-allowed-1.1.0.tgz",
      "integrity": "sha1-EaBgVotnM5REAz0BJaYaINVk+zQ="
    }
  }
}
